// !$*UTF8*$!
{
	archiveVersion = 1;
	classes = {
	};
	objectVersion = 56;
	objects = {

/* Begin PBXBuildFile section */
		6101CA242975FB7D00B12C68 /* Notifications.swift in Sources */ = {isa = PBXBuildFile; fileRef = 6101CA232975FB7D00B12C68 /* Notifications.swift */; };
		6101CA262975FB7D00B12C68 /* Notifications.swift in Sources */ = {isa = PBXBuildFile; fileRef = 6101CA232975FB7D00B12C68 /* Notifications.swift */; };
		6104E56B296B1A580034B9E3 /* Date+compare.swift in Sources */ = {isa = PBXBuildFile; fileRef = 6104E56A296B1A580034B9E3 /* Date+compare.swift */; };
		6104E56C296B1A580034B9E3 /* Date+compare.swift in Sources */ = {isa = PBXBuildFile; fileRef = 6104E56A296B1A580034B9E3 /* Date+compare.swift */; };
		6104E56D296B1A590034B9E3 /* Date+compare.swift in Sources */ = {isa = PBXBuildFile; fileRef = 6104E56A296B1A580034B9E3 /* Date+compare.swift */; };
		610AF8F7296A5A99001E50A6 /* DayByDayApp.swift in Sources */ = {isa = PBXBuildFile; fileRef = 610AF8F6296A5A99001E50A6 /* DayByDayApp.swift */; };
		610AF8F9296A5A99001E50A6 /* Persistence.swift in Sources */ = {isa = PBXBuildFile; fileRef = 610AF8F8296A5A99001E50A6 /* Persistence.swift */; };
		610AF8FC296A5A99001E50A6 /* DayByDay.xcdatamodeld in Sources */ = {isa = PBXBuildFile; fileRef = 610AF8FA296A5A99001E50A6 /* DayByDay.xcdatamodeld */; };
		610AF8FE296A5A99001E50A6 /* ContentView.swift in Sources */ = {isa = PBXBuildFile; fileRef = 610AF8FD296A5A99001E50A6 /* ContentView.swift */; };
		610AF900296A5A9A001E50A6 /* Assets.xcassets in Resources */ = {isa = PBXBuildFile; fileRef = 610AF8FF296A5A9A001E50A6 /* Assets.xcassets */; };
		610AF904296A5A9A001E50A6 /* Preview Assets.xcassets in Resources */ = {isa = PBXBuildFile; fileRef = 610AF903296A5A9A001E50A6 /* Preview Assets.xcassets */; };
		610AF90E296A5A9A001E50A6 /* DayByDayTests.swift in Sources */ = {isa = PBXBuildFile; fileRef = 610AF90D296A5A9A001E50A6 /* DayByDayTests.swift */; };
		610AF918296A5A9A001E50A6 /* DayByDayUITests.swift in Sources */ = {isa = PBXBuildFile; fileRef = 610AF917296A5A9A001E50A6 /* DayByDayUITests.swift */; };
		610AF91A296A5A9A001E50A6 /* DayByDayUITestsLaunchTests.swift in Sources */ = {isa = PBXBuildFile; fileRef = 610AF919296A5A9A001E50A6 /* DayByDayUITestsLaunchTests.swift */; };
		61188D392970E88E00BF77B5 /* AnimatedImage.swift in Sources */ = {isa = PBXBuildFile; fileRef = 61188D382970E88E00BF77B5 /* AnimatedImage.swift */; };
		61188D3A2970E88E00BF77B5 /* AnimatedImage.swift in Sources */ = {isa = PBXBuildFile; fileRef = 61188D382970E88E00BF77B5 /* AnimatedImage.swift */; };
		61188D3D2970E8D900BF77B5 /* SwirlAnimation.swift in Sources */ = {isa = PBXBuildFile; fileRef = 61188D3C2970E8D900BF77B5 /* SwirlAnimation.swift */; };
		61188D3E2970E8D900BF77B5 /* SwirlAnimation.swift in Sources */ = {isa = PBXBuildFile; fileRef = 61188D3C2970E8D900BF77B5 /* SwirlAnimation.swift */; };
		61188D402970F51B00BF77B5 /* SwirlStyle.swift in Sources */ = {isa = PBXBuildFile; fileRef = 61188D3F2970F51B00BF77B5 /* SwirlStyle.swift */; };
		61188D412970F51B00BF77B5 /* SwirlStyle.swift in Sources */ = {isa = PBXBuildFile; fileRef = 61188D3F2970F51B00BF77B5 /* SwirlStyle.swift */; };
		61188D4329710D8000BF77B5 /* Color+hex.swift in Sources */ = {isa = PBXBuildFile; fileRef = 61188D4229710D8000BF77B5 /* Color+hex.swift */; };
		61188D4429710D8000BF77B5 /* Color+hex.swift in Sources */ = {isa = PBXBuildFile; fileRef = 61188D4229710D8000BF77B5 /* Color+hex.swift */; };
		611A5F892995EDCE00E28A56 /* WigglyEyes.swift in Sources */ = {isa = PBXBuildFile; fileRef = 611A5F882995EDCE00E28A56 /* WigglyEyes.swift */; };
		611A5F8A2995EDCE00E28A56 /* WigglyEyes.swift in Sources */ = {isa = PBXBuildFile; fileRef = 611A5F882995EDCE00E28A56 /* WigglyEyes.swift */; };
		611A5F8B2995EDCE00E28A56 /* WigglyEyes.swift in Sources */ = {isa = PBXBuildFile; fileRef = 611A5F882995EDCE00E28A56 /* WigglyEyes.swift */; };
		611A5F8C2995EDCE00E28A56 /* WigglyEyes.swift in Sources */ = {isa = PBXBuildFile; fileRef = 611A5F882995EDCE00E28A56 /* WigglyEyes.swift */; };
		611A5F8D2995EDCE00E28A56 /* WigglyEyes.swift in Sources */ = {isa = PBXBuildFile; fileRef = 611A5F882995EDCE00E28A56 /* WigglyEyes.swift */; };
		611A5F8E2995EDCE00E28A56 /* WigglyEyes.swift in Sources */ = {isa = PBXBuildFile; fileRef = 611A5F882995EDCE00E28A56 /* WigglyEyes.swift */; };
		614AE46B2974C27900F24397 /* CompleteBackgroundView.swift in Sources */ = {isa = PBXBuildFile; fileRef = 614AE46A2974C27900F24397 /* CompleteBackgroundView.swift */; };
		614AE46C2974C27900F24397 /* CompleteBackgroundView.swift in Sources */ = {isa = PBXBuildFile; fileRef = 614AE46A2974C27900F24397 /* CompleteBackgroundView.swift */; };
		614EE400296A838D001FB19D /* CircleStyle.swift in Sources */ = {isa = PBXBuildFile; fileRef = 614EE3FF296A838D001FB19D /* CircleStyle.swift */; };
		614EE401296A838D001FB19D /* CircleStyle.swift in Sources */ = {isa = PBXBuildFile; fileRef = 614EE3FF296A838D001FB19D /* CircleStyle.swift */; };
		614EE403296ABA43001FB19D /* CircleLabelView.swift in Sources */ = {isa = PBXBuildFile; fileRef = 614EE402296ABA43001FB19D /* CircleLabelView.swift */; };
		614EE404296ABA43001FB19D /* CircleLabelView.swift in Sources */ = {isa = PBXBuildFile; fileRef = 614EE402296ABA43001FB19D /* CircleLabelView.swift */; };
		614EE406296AC978001FB19D /* ButtonCluster.swift in Sources */ = {isa = PBXBuildFile; fileRef = 614EE405296AC978001FB19D /* ButtonCluster.swift */; };
		614EE407296AC978001FB19D /* ButtonCluster.swift in Sources */ = {isa = PBXBuildFile; fileRef = 614EE405296AC978001FB19D /* ButtonCluster.swift */; };
		614EE409296AC9E7001FB19D /* DayStatus.swift in Sources */ = {isa = PBXBuildFile; fileRef = 614EE408296AC9E7001FB19D /* DayStatus.swift */; };
		614EE40A296AC9E7001FB19D /* DayStatus.swift in Sources */ = {isa = PBXBuildFile; fileRef = 614EE408296AC9E7001FB19D /* DayStatus.swift */; };
		614EE40C296AF187001FB19D /* PastView.swift in Sources */ = {isa = PBXBuildFile; fileRef = 614EE40B296AF187001FB19D /* PastView.swift */; };
		614EE40D296AF187001FB19D /* PastView.swift in Sources */ = {isa = PBXBuildFile; fileRef = 614EE40B296AF187001FB19D /* PastView.swift */; };
		6155DB3D2972599C00256A5A /* BurstAnimation.swift in Sources */ = {isa = PBXBuildFile; fileRef = 6155DB3C2972599C00256A5A /* BurstAnimation.swift */; };
		6155DB3E2972599C00256A5A /* BurstAnimation.swift in Sources */ = {isa = PBXBuildFile; fileRef = 6155DB3C2972599C00256A5A /* BurstAnimation.swift */; };
		615CC1F8296CC354004DEE47 /* Haptics.swift in Sources */ = {isa = PBXBuildFile; fileRef = 615CC1F7296CC354004DEE47 /* Haptics.swift */; };
		615CC1FA296CC354004DEE47 /* Haptics.swift in Sources */ = {isa = PBXBuildFile; fileRef = 615CC1F7296CC354004DEE47 /* Haptics.swift */; };
		61D469C929760854009CB8C3 /* DayByDayWatchApp.swift in Sources */ = {isa = PBXBuildFile; fileRef = 61D469C829760854009CB8C3 /* DayByDayWatchApp.swift */; };
		61D469CB29760854009CB8C3 /* ContentView.swift in Sources */ = {isa = PBXBuildFile; fileRef = 61D469CA29760854009CB8C3 /* ContentView.swift */; };
		61D469D029760855009CB8C3 /* Preview Assets.xcassets in Resources */ = {isa = PBXBuildFile; fileRef = 61D469CF29760855009CB8C3 /* Preview Assets.xcassets */; };
		61D469DA29760855009CB8C3 /* DayByDayWatch_Watch_AppTests.swift in Sources */ = {isa = PBXBuildFile; fileRef = 61D469D929760855009CB8C3 /* DayByDayWatch_Watch_AppTests.swift */; };
		61D469E429760855009CB8C3 /* DayByDayWatch_Watch_AppUITests.swift in Sources */ = {isa = PBXBuildFile; fileRef = 61D469E329760855009CB8C3 /* DayByDayWatch_Watch_AppUITests.swift */; };
		61D469E629760855009CB8C3 /* DayByDayWatch_Watch_AppUITestsLaunchTests.swift in Sources */ = {isa = PBXBuildFile; fileRef = 61D469E529760855009CB8C3 /* DayByDayWatch_Watch_AppUITestsLaunchTests.swift */; };
		61D469E929760855009CB8C3 /* DayByDayWatch Watch App.app in Embed Watch Content */ = {isa = PBXBuildFile; fileRef = 61D469C629760854009CB8C3 /* DayByDayWatch Watch App.app */; settings = {ATTRIBUTES = (RemoveHeadersOnCopy, ); }; };
		61D469F5297608AB009CB8C3 /* ButtonCluster.swift in Sources */ = {isa = PBXBuildFile; fileRef = 61D469F4297608AB009CB8C3 /* ButtonCluster.swift */; };
		61D469F6297608AB009CB8C3 /* ButtonCluster.swift in Sources */ = {isa = PBXBuildFile; fileRef = 61D469F4297608AB009CB8C3 /* ButtonCluster.swift */; };
		61D469F7297608CE009CB8C3 /* Persistence.swift in Sources */ = {isa = PBXBuildFile; fileRef = 610AF8F8296A5A99001E50A6 /* Persistence.swift */; };
		61D469F8297608D1009CB8C3 /* Persistence.swift in Sources */ = {isa = PBXBuildFile; fileRef = 610AF8F8296A5A99001E50A6 /* Persistence.swift */; };
		61D469F9297608D5009CB8C3 /* Persistence.swift in Sources */ = {isa = PBXBuildFile; fileRef = 610AF8F8296A5A99001E50A6 /* Persistence.swift */; };
		61D469FA297608DB009CB8C3 /* DayStatus.swift in Sources */ = {isa = PBXBuildFile; fileRef = 614EE408296AC9E7001FB19D /* DayStatus.swift */; };
		61D469FB297608DC009CB8C3 /* DayStatus.swift in Sources */ = {isa = PBXBuildFile; fileRef = 614EE408296AC9E7001FB19D /* DayStatus.swift */; };
		61D469FE297608E9009CB8C3 /* Date+compare.swift in Sources */ = {isa = PBXBuildFile; fileRef = 6104E56A296B1A580034B9E3 /* Date+compare.swift */; };
		61D469FF297608EA009CB8C3 /* Date+compare.swift in Sources */ = {isa = PBXBuildFile; fileRef = 6104E56A296B1A580034B9E3 /* Date+compare.swift */; };
		61D46A00297608EA009CB8C3 /* Date+compare.swift in Sources */ = {isa = PBXBuildFile; fileRef = 6104E56A296B1A580034B9E3 /* Date+compare.swift */; };
		61D46A01297608EF009CB8C3 /* Color+hex.swift in Sources */ = {isa = PBXBuildFile; fileRef = 61188D4229710D8000BF77B5 /* Color+hex.swift */; };
		61D46A02297608EF009CB8C3 /* Color+hex.swift in Sources */ = {isa = PBXBuildFile; fileRef = 61188D4229710D8000BF77B5 /* Color+hex.swift */; };
		61D46A03297608F0009CB8C3 /* Color+hex.swift in Sources */ = {isa = PBXBuildFile; fileRef = 61188D4229710D8000BF77B5 /* Color+hex.swift */; };
		61D46A04297608F1009CB8C3 /* Color+hex.swift in Sources */ = {isa = PBXBuildFile; fileRef = 61188D4229710D8000BF77B5 /* Color+hex.swift */; };
		61D46A05297608F6009CB8C3 /* CircleStyle.swift in Sources */ = {isa = PBXBuildFile; fileRef = 614EE3FF296A838D001FB19D /* CircleStyle.swift */; };
		61D46A06297608F7009CB8C3 /* CircleStyle.swift in Sources */ = {isa = PBXBuildFile; fileRef = 614EE3FF296A838D001FB19D /* CircleStyle.swift */; };
		61D46A07297608FA009CB8C3 /* SwirlStyle.swift in Sources */ = {isa = PBXBuildFile; fileRef = 61188D3F2970F51B00BF77B5 /* SwirlStyle.swift */; };
		61D46A08297608FA009CB8C3 /* SwirlStyle.swift in Sources */ = {isa = PBXBuildFile; fileRef = 61188D3F2970F51B00BF77B5 /* SwirlStyle.swift */; };
		61D46A0B29760909009CB8C3 /* Notifications.swift in Sources */ = {isa = PBXBuildFile; fileRef = 6101CA232975FB7D00B12C68 /* Notifications.swift */; };
		61D46A0C2976090B009CB8C3 /* Notifications.swift in Sources */ = {isa = PBXBuildFile; fileRef = 6101CA232975FB7D00B12C68 /* Notifications.swift */; };
		61D46A0D29760917009CB8C3 /* CircleLabelView.swift in Sources */ = {isa = PBXBuildFile; fileRef = 614EE402296ABA43001FB19D /* CircleLabelView.swift */; };
		61D46A0E29760918009CB8C3 /* CircleLabelView.swift in Sources */ = {isa = PBXBuildFile; fileRef = 614EE402296ABA43001FB19D /* CircleLabelView.swift */; };
		61D46A0F2976091B009CB8C3 /* AnimatedImage.swift in Sources */ = {isa = PBXBuildFile; fileRef = 61188D382970E88E00BF77B5 /* AnimatedImage.swift */; };
		61D46A102976091C009CB8C3 /* AnimatedImage.swift in Sources */ = {isa = PBXBuildFile; fileRef = 61188D382970E88E00BF77B5 /* AnimatedImage.swift */; };
		61D46A112976092D009CB8C3 /* CompleteBackgroundView.swift in Sources */ = {isa = PBXBuildFile; fileRef = 614AE46A2974C27900F24397 /* CompleteBackgroundView.swift */; };
		61D46A122976092F009CB8C3 /* CompleteBackgroundView.swift in Sources */ = {isa = PBXBuildFile; fileRef = 614AE46A2974C27900F24397 /* CompleteBackgroundView.swift */; };
		61D46A1329760938009CB8C3 /* SwirlAnimation.swift in Sources */ = {isa = PBXBuildFile; fileRef = 61188D3C2970E8D900BF77B5 /* SwirlAnimation.swift */; };
		61D46A142976093A009CB8C3 /* SwirlAnimation.swift in Sources */ = {isa = PBXBuildFile; fileRef = 61188D3C2970E8D900BF77B5 /* SwirlAnimation.swift */; };
		61D46A152976093D009CB8C3 /* BurstAnimation.swift in Sources */ = {isa = PBXBuildFile; fileRef = 6155DB3C2972599C00256A5A /* BurstAnimation.swift */; };
		61D46A162976093E009CB8C3 /* BurstAnimation.swift in Sources */ = {isa = PBXBuildFile; fileRef = 6155DB3C2972599C00256A5A /* BurstAnimation.swift */; };
		61D46A1729760990009CB8C3 /* DayByDay.xcdatamodeld in Sources */ = {isa = PBXBuildFile; fileRef = 610AF8FA296A5A99001E50A6 /* DayByDay.xcdatamodeld */; };
		61D46A1829760993009CB8C3 /* DayByDay.xcdatamodeld in Sources */ = {isa = PBXBuildFile; fileRef = 610AF8FA296A5A99001E50A6 /* DayByDay.xcdatamodeld */; };
		61D46A1929760993009CB8C3 /* DayByDay.xcdatamodeld in Sources */ = {isa = PBXBuildFile; fileRef = 610AF8FA296A5A99001E50A6 /* DayByDay.xcdatamodeld */; };
		61D46A1A29760995009CB8C3 /* DayByDay.xcdatamodeld in Sources */ = {isa = PBXBuildFile; fileRef = 610AF8FA296A5A99001E50A6 /* DayByDay.xcdatamodeld */; };
		61D46A1B29760996009CB8C3 /* DayByDay.xcdatamodeld in Sources */ = {isa = PBXBuildFile; fileRef = 610AF8FA296A5A99001E50A6 /* DayByDay.xcdatamodeld */; };
		61D46A1C297609E4009CB8C3 /* ContentView.swift in Sources */ = {isa = PBXBuildFile; fileRef = 61D469CA29760854009CB8C3 /* ContentView.swift */; };
		61D46A1F29760A40009CB8C3 /* Haptics.swift in Sources */ = {isa = PBXBuildFile; fileRef = 61D46A1E29760A40009CB8C3 /* Haptics.swift */; };
		61D46A2029760A40009CB8C3 /* Haptics.swift in Sources */ = {isa = PBXBuildFile; fileRef = 61D46A1E29760A40009CB8C3 /* Haptics.swift */; };
		61D46A2329760B5D009CB8C3 /* Assets.xcassets in Resources */ = {isa = PBXBuildFile; fileRef = 610AF8FF296A5A9A001E50A6 /* Assets.xcassets */; };
		61D46A2629761033009CB8C3 /* Assets.xcassets in Resources */ = {isa = PBXBuildFile; fileRef = 610AF8FF296A5A9A001E50A6 /* Assets.xcassets */; };
		61D46A2729761034009CB8C3 /* Assets.xcassets in Resources */ = {isa = PBXBuildFile; fileRef = 610AF8FF296A5A9A001E50A6 /* Assets.xcassets */; };
		61DAE0592995D8F8006502BC /* WigglyBar.swift in Sources */ = {isa = PBXBuildFile; fileRef = 61DAE0582995D8F8006502BC /* WigglyBar.swift */; };
		61DAE05A2995D8F8006502BC /* WigglyBar.swift in Sources */ = {isa = PBXBuildFile; fileRef = 61DAE0582995D8F8006502BC /* WigglyBar.swift */; };
		61DAE05B2995D8F8006502BC /* WigglyBar.swift in Sources */ = {isa = PBXBuildFile; fileRef = 61DAE0582995D8F8006502BC /* WigglyBar.swift */; };
		61DAE05C2995D8F8006502BC /* WigglyBar.swift in Sources */ = {isa = PBXBuildFile; fileRef = 61DAE0582995D8F8006502BC /* WigglyBar.swift */; };
		61DAE05D2995D8F8006502BC /* WigglyBar.swift in Sources */ = {isa = PBXBuildFile; fileRef = 61DAE0582995D8F8006502BC /* WigglyBar.swift */; };
		61DAE05E2995D8F8006502BC /* WigglyBar.swift in Sources */ = {isa = PBXBuildFile; fileRef = 61DAE0582995D8F8006502BC /* WigglyBar.swift */; };
		61DAE0602995DA41006502BC /* LinearGradient+ForCategory.swift in Sources */ = {isa = PBXBuildFile; fileRef = 61DAE05F2995DA41006502BC /* LinearGradient+ForCategory.swift */; };
		61DAE0612995DA41006502BC /* LinearGradient+ForCategory.swift in Sources */ = {isa = PBXBuildFile; fileRef = 61DAE05F2995DA41006502BC /* LinearGradient+ForCategory.swift */; };
		61DAE0622995DA41006502BC /* LinearGradient+ForCategory.swift in Sources */ = {isa = PBXBuildFile; fileRef = 61DAE05F2995DA41006502BC /* LinearGradient+ForCategory.swift */; };
		61DAE0632995DA41006502BC /* LinearGradient+ForCategory.swift in Sources */ = {isa = PBXBuildFile; fileRef = 61DAE05F2995DA41006502BC /* LinearGradient+ForCategory.swift */; };
		61DAE0642995DA41006502BC /* LinearGradient+ForCategory.swift in Sources */ = {isa = PBXBuildFile; fileRef = 61DAE05F2995DA41006502BC /* LinearGradient+ForCategory.swift */; };
		61DAE0652995DA41006502BC /* LinearGradient+ForCategory.swift in Sources */ = {isa = PBXBuildFile; fileRef = 61DAE05F2995DA41006502BC /* LinearGradient+ForCategory.swift */; };
/* End PBXBuildFile section */

/* Begin PBXContainerItemProxy section */
		610AF90A296A5A9A001E50A6 /* PBXContainerItemProxy */ = {
			isa = PBXContainerItemProxy;
			containerPortal = 610AF8EB296A5A99001E50A6 /* Project object */;
			proxyType = 1;
			remoteGlobalIDString = 610AF8F2296A5A99001E50A6;
			remoteInfo = DayByDay;
		};
		610AF914296A5A9A001E50A6 /* PBXContainerItemProxy */ = {
			isa = PBXContainerItemProxy;
			containerPortal = 610AF8EB296A5A99001E50A6 /* Project object */;
			proxyType = 1;
			remoteGlobalIDString = 610AF8F2296A5A99001E50A6;
			remoteInfo = DayByDay;
		};
		61D469D629760855009CB8C3 /* PBXContainerItemProxy */ = {
			isa = PBXContainerItemProxy;
			containerPortal = 610AF8EB296A5A99001E50A6 /* Project object */;
			proxyType = 1;
			remoteGlobalIDString = 61D469C529760854009CB8C3;
			remoteInfo = "DayByDayWatch Watch App";
		};
		61D469E029760855009CB8C3 /* PBXContainerItemProxy */ = {
			isa = PBXContainerItemProxy;
			containerPortal = 610AF8EB296A5A99001E50A6 /* Project object */;
			proxyType = 1;
			remoteGlobalIDString = 61D469C529760854009CB8C3;
			remoteInfo = "DayByDayWatch Watch App";
		};
		61D469E729760855009CB8C3 /* PBXContainerItemProxy */ = {
			isa = PBXContainerItemProxy;
			containerPortal = 610AF8EB296A5A99001E50A6 /* Project object */;
			proxyType = 1;
			remoteGlobalIDString = 61D469C529760854009CB8C3;
			remoteInfo = "DayByDayWatch Watch App";
		};
/* End PBXContainerItemProxy section */

/* Begin PBXCopyFilesBuildPhase section */
		61D469EA29760855009CB8C3 /* Embed Watch Content */ = {
			isa = PBXCopyFilesBuildPhase;
			buildActionMask = 2147483647;
			dstPath = "$(CONTENTS_FOLDER_PATH)/Watch";
			dstSubfolderSpec = 16;
			files = (
				61D469E929760855009CB8C3 /* DayByDayWatch Watch App.app in Embed Watch Content */,
			);
			name = "Embed Watch Content";
			runOnlyForDeploymentPostprocessing = 0;
		};
/* End PBXCopyFilesBuildPhase section */

/* Begin PBXFileReference section */
		6101CA232975FB7D00B12C68 /* Notifications.swift */ = {isa = PBXFileReference; lastKnownFileType = sourcecode.swift; path = Notifications.swift; sourceTree = "<group>"; };
		6104E56A296B1A580034B9E3 /* Date+compare.swift */ = {isa = PBXFileReference; lastKnownFileType = sourcecode.swift; path = "Date+compare.swift"; sourceTree = "<group>"; };
		6107F1E329823D4F00E1A0AD /* Info.plist */ = {isa = PBXFileReference; lastKnownFileType = text.plist; path = Info.plist; sourceTree = "<group>"; };
		610AF8F3296A5A99001E50A6 /* DayByDay.app */ = {isa = PBXFileReference; explicitFileType = wrapper.application; includeInIndex = 0; path = DayByDay.app; sourceTree = BUILT_PRODUCTS_DIR; };
		610AF8F6296A5A99001E50A6 /* DayByDayApp.swift */ = {isa = PBXFileReference; lastKnownFileType = sourcecode.swift; path = DayByDayApp.swift; sourceTree = "<group>"; };
		610AF8F8296A5A99001E50A6 /* Persistence.swift */ = {isa = PBXFileReference; lastKnownFileType = sourcecode.swift; path = Persistence.swift; sourceTree = "<group>"; };
		610AF8FB296A5A99001E50A6 /* DayByDay.xcdatamodel */ = {isa = PBXFileReference; lastKnownFileType = wrapper.xcdatamodel; path = DayByDay.xcdatamodel; sourceTree = "<group>"; };
		610AF8FD296A5A99001E50A6 /* ContentView.swift */ = {isa = PBXFileReference; lastKnownFileType = sourcecode.swift; path = ContentView.swift; sourceTree = "<group>"; };
		610AF8FF296A5A9A001E50A6 /* Assets.xcassets */ = {isa = PBXFileReference; lastKnownFileType = folder.assetcatalog; path = Assets.xcassets; sourceTree = "<group>"; };
		610AF901296A5A9A001E50A6 /* DayByDay.entitlements */ = {isa = PBXFileReference; lastKnownFileType = text.plist.entitlements; path = DayByDay.entitlements; sourceTree = "<group>"; };
		610AF903296A5A9A001E50A6 /* Preview Assets.xcassets */ = {isa = PBXFileReference; lastKnownFileType = folder.assetcatalog; path = "Preview Assets.xcassets"; sourceTree = "<group>"; };
		610AF909296A5A9A001E50A6 /* DayByDayTests.xctest */ = {isa = PBXFileReference; explicitFileType = wrapper.cfbundle; includeInIndex = 0; path = DayByDayTests.xctest; sourceTree = BUILT_PRODUCTS_DIR; };
		610AF90D296A5A9A001E50A6 /* DayByDayTests.swift */ = {isa = PBXFileReference; lastKnownFileType = sourcecode.swift; path = DayByDayTests.swift; sourceTree = "<group>"; };
		610AF913296A5A9A001E50A6 /* DayByDayUITests.xctest */ = {isa = PBXFileReference; explicitFileType = wrapper.cfbundle; includeInIndex = 0; path = DayByDayUITests.xctest; sourceTree = BUILT_PRODUCTS_DIR; };
		610AF917296A5A9A001E50A6 /* DayByDayUITests.swift */ = {isa = PBXFileReference; lastKnownFileType = sourcecode.swift; path = DayByDayUITests.swift; sourceTree = "<group>"; };
		610AF919296A5A9A001E50A6 /* DayByDayUITestsLaunchTests.swift */ = {isa = PBXFileReference; lastKnownFileType = sourcecode.swift; path = DayByDayUITestsLaunchTests.swift; sourceTree = "<group>"; };
		61188D382970E88E00BF77B5 /* AnimatedImage.swift */ = {isa = PBXFileReference; lastKnownFileType = sourcecode.swift; path = AnimatedImage.swift; sourceTree = "<group>"; };
		61188D3C2970E8D900BF77B5 /* SwirlAnimation.swift */ = {isa = PBXFileReference; lastKnownFileType = sourcecode.swift; path = SwirlAnimation.swift; sourceTree = "<group>"; };
		61188D3F2970F51B00BF77B5 /* SwirlStyle.swift */ = {isa = PBXFileReference; lastKnownFileType = sourcecode.swift; path = SwirlStyle.swift; sourceTree = "<group>"; };
		61188D4229710D8000BF77B5 /* Color+hex.swift */ = {isa = PBXFileReference; lastKnownFileType = sourcecode.swift; path = "Color+hex.swift"; sourceTree = "<group>"; };
		611A5F882995EDCE00E28A56 /* WigglyEyes.swift */ = {isa = PBXFileReference; lastKnownFileType = sourcecode.swift; path = WigglyEyes.swift; sourceTree = "<group>"; };
		614AE46A2974C27900F24397 /* CompleteBackgroundView.swift */ = {isa = PBXFileReference; lastKnownFileType = sourcecode.swift; path = CompleteBackgroundView.swift; sourceTree = "<group>"; };
		614EE3FF296A838D001FB19D /* CircleStyle.swift */ = {isa = PBXFileReference; lastKnownFileType = sourcecode.swift; path = CircleStyle.swift; sourceTree = "<group>"; };
		614EE402296ABA43001FB19D /* CircleLabelView.swift */ = {isa = PBXFileReference; lastKnownFileType = sourcecode.swift; path = CircleLabelView.swift; sourceTree = "<group>"; };
		614EE405296AC978001FB19D /* ButtonCluster.swift */ = {isa = PBXFileReference; lastKnownFileType = sourcecode.swift; path = ButtonCluster.swift; sourceTree = "<group>"; };
		614EE408296AC9E7001FB19D /* DayStatus.swift */ = {isa = PBXFileReference; lastKnownFileType = sourcecode.swift; path = DayStatus.swift; sourceTree = "<group>"; };
		614EE40B296AF187001FB19D /* PastView.swift */ = {isa = PBXFileReference; lastKnownFileType = sourcecode.swift; path = PastView.swift; sourceTree = "<group>"; };
		6155DB3C2972599C00256A5A /* BurstAnimation.swift */ = {isa = PBXFileReference; lastKnownFileType = sourcecode.swift; path = BurstAnimation.swift; sourceTree = "<group>"; };
		615CC1F7296CC354004DEE47 /* Haptics.swift */ = {isa = PBXFileReference; lastKnownFileType = sourcecode.swift; path = Haptics.swift; sourceTree = "<group>"; };
		61D469C629760854009CB8C3 /* DayByDayWatch Watch App.app */ = {isa = PBXFileReference; explicitFileType = wrapper.application; includeInIndex = 0; path = "DayByDayWatch Watch App.app"; sourceTree = BUILT_PRODUCTS_DIR; };
		61D469C829760854009CB8C3 /* DayByDayWatchApp.swift */ = {isa = PBXFileReference; lastKnownFileType = sourcecode.swift; path = DayByDayWatchApp.swift; sourceTree = "<group>"; };
		61D469CA29760854009CB8C3 /* ContentView.swift */ = {isa = PBXFileReference; lastKnownFileType = sourcecode.swift; path = ContentView.swift; sourceTree = "<group>"; };
		61D469CF29760855009CB8C3 /* Preview Assets.xcassets */ = {isa = PBXFileReference; lastKnownFileType = folder.assetcatalog; path = "Preview Assets.xcassets"; sourceTree = "<group>"; };
		61D469D529760855009CB8C3 /* DayByDayWatch Watch AppTests.xctest */ = {isa = PBXFileReference; explicitFileType = wrapper.cfbundle; includeInIndex = 0; path = "DayByDayWatch Watch AppTests.xctest"; sourceTree = BUILT_PRODUCTS_DIR; };
		61D469D929760855009CB8C3 /* DayByDayWatch_Watch_AppTests.swift */ = {isa = PBXFileReference; lastKnownFileType = sourcecode.swift; path = DayByDayWatch_Watch_AppTests.swift; sourceTree = "<group>"; };
		61D469DF29760855009CB8C3 /* DayByDayWatch Watch AppUITests.xctest */ = {isa = PBXFileReference; explicitFileType = wrapper.cfbundle; includeInIndex = 0; path = "DayByDayWatch Watch AppUITests.xctest"; sourceTree = BUILT_PRODUCTS_DIR; };
		61D469E329760855009CB8C3 /* DayByDayWatch_Watch_AppUITests.swift */ = {isa = PBXFileReference; lastKnownFileType = sourcecode.swift; path = DayByDayWatch_Watch_AppUITests.swift; sourceTree = "<group>"; };
		61D469E529760855009CB8C3 /* DayByDayWatch_Watch_AppUITestsLaunchTests.swift */ = {isa = PBXFileReference; lastKnownFileType = sourcecode.swift; path = DayByDayWatch_Watch_AppUITestsLaunchTests.swift; sourceTree = "<group>"; };
		61D469F4297608AB009CB8C3 /* ButtonCluster.swift */ = {isa = PBXFileReference; lastKnownFileType = sourcecode.swift; path = ButtonCluster.swift; sourceTree = "<group>"; };
		61D46A1E29760A40009CB8C3 /* Haptics.swift */ = {isa = PBXFileReference; lastKnownFileType = sourcecode.swift; path = Haptics.swift; sourceTree = "<group>"; };
		61D46A28297615B8009CB8C3 /* DayByDayWatch Watch App.entitlements */ = {isa = PBXFileReference; lastKnownFileType = text.plist.entitlements; path = "DayByDayWatch Watch App.entitlements"; sourceTree = "<group>"; };
		61DAE0582995D8F8006502BC /* WigglyBar.swift */ = {isa = PBXFileReference; lastKnownFileType = sourcecode.swift; path = WigglyBar.swift; sourceTree = "<group>"; };
		61DAE05F2995DA41006502BC /* LinearGradient+ForCategory.swift */ = {isa = PBXFileReference; lastKnownFileType = sourcecode.swift; path = "LinearGradient+ForCategory.swift"; sourceTree = "<group>"; };
/* End PBXFileReference section */

/* Begin PBXFrameworksBuildPhase section */
		610AF8F0296A5A99001E50A6 /* Frameworks */ = {
			isa = PBXFrameworksBuildPhase;
			buildActionMask = 2147483647;
			files = (
			);
			runOnlyForDeploymentPostprocessing = 0;
		};
		610AF906296A5A9A001E50A6 /* Frameworks */ = {
			isa = PBXFrameworksBuildPhase;
			buildActionMask = 2147483647;
			files = (
			);
			runOnlyForDeploymentPostprocessing = 0;
		};
		610AF910296A5A9A001E50A6 /* Frameworks */ = {
			isa = PBXFrameworksBuildPhase;
			buildActionMask = 2147483647;
			files = (
			);
			runOnlyForDeploymentPostprocessing = 0;
		};
		61D469C329760854009CB8C3 /* Frameworks */ = {
			isa = PBXFrameworksBuildPhase;
			buildActionMask = 2147483647;
			files = (
			);
			runOnlyForDeploymentPostprocessing = 0;
		};
		61D469D229760855009CB8C3 /* Frameworks */ = {
			isa = PBXFrameworksBuildPhase;
			buildActionMask = 2147483647;
			files = (
			);
			runOnlyForDeploymentPostprocessing = 0;
		};
		61D469DC29760855009CB8C3 /* Frameworks */ = {
			isa = PBXFrameworksBuildPhase;
			buildActionMask = 2147483647;
			files = (
			);
			runOnlyForDeploymentPostprocessing = 0;
		};
/* End PBXFrameworksBuildPhase section */

/* Begin PBXGroup section */
		6104E569296B1A1A0034B9E3 /* Extensions */ = {
			isa = PBXGroup;
			children = (
				6104E56A296B1A580034B9E3 /* Date+compare.swift */,
				61188D4229710D8000BF77B5 /* Color+hex.swift */,
				61DAE05F2995DA41006502BC /* LinearGradient+ForCategory.swift */,
			);
			path = Extensions;
			sourceTree = "<group>";
		};
		610AF8EA296A5A99001E50A6 = {
			isa = PBXGroup;
			children = (
				610AF8F5296A5A99001E50A6 /* DayByDay */,
				61D469C729760854009CB8C3 /* DayByDayWatch Watch App */,
				610AF90C296A5A9A001E50A6 /* DayByDayTests */,
				610AF916296A5A9A001E50A6 /* DayByDayUITests */,
				61D469D829760855009CB8C3 /* DayByDayWatch Watch AppTests */,
				61D469E229760855009CB8C3 /* DayByDayWatch Watch AppUITests */,
				610AF8F4296A5A99001E50A6 /* Products */,
			);
			sourceTree = "<group>";
		};
		610AF8F4296A5A99001E50A6 /* Products */ = {
			isa = PBXGroup;
			children = (
				610AF8F3296A5A99001E50A6 /* DayByDay.app */,
				610AF909296A5A9A001E50A6 /* DayByDayTests.xctest */,
				610AF913296A5A9A001E50A6 /* DayByDayUITests.xctest */,
				61D469C629760854009CB8C3 /* DayByDayWatch Watch App.app */,
				61D469D529760855009CB8C3 /* DayByDayWatch Watch AppTests.xctest */,
				61D469DF29760855009CB8C3 /* DayByDayWatch Watch AppUITests.xctest */,
			);
			name = Products;
			sourceTree = "<group>";
		};
		610AF8F5296A5A99001E50A6 /* DayByDay */ = {
			isa = PBXGroup;
			children = (
				6107F1E329823D4F00E1A0AD /* Info.plist */,
				610AF901296A5A9A001E50A6 /* DayByDay.entitlements */,
				610AF8F6296A5A99001E50A6 /* DayByDayApp.swift */,
				610AF92B296A6D81001E50A6 /* Model */,
				610AF8FD296A5A99001E50A6 /* ContentView.swift */,
				614EE405296AC978001FB19D /* ButtonCluster.swift */,
				614EE40B296AF187001FB19D /* PastView.swift */,
				6104E569296B1A1A0034B9E3 /* Extensions */,
				614EE3FE296A8344001FB19D /* Helpers */,
				61188D3B2970E89C00BF77B5 /* Animations */,
				610AF8FF296A5A9A001E50A6 /* Assets.xcassets */,
				610AF8FA296A5A99001E50A6 /* DayByDay.xcdatamodeld */,
				610AF902296A5A9A001E50A6 /* Preview Content */,
			);
			path = DayByDay;
			sourceTree = "<group>";
		};
		610AF902296A5A9A001E50A6 /* Preview Content */ = {
			isa = PBXGroup;
			children = (
				610AF903296A5A9A001E50A6 /* Preview Assets.xcassets */,
			);
			path = "Preview Content";
			sourceTree = "<group>";
		};
		610AF90C296A5A9A001E50A6 /* DayByDayTests */ = {
			isa = PBXGroup;
			children = (
				610AF90D296A5A9A001E50A6 /* DayByDayTests.swift */,
			);
			path = DayByDayTests;
			sourceTree = "<group>";
		};
		610AF916296A5A9A001E50A6 /* DayByDayUITests */ = {
			isa = PBXGroup;
			children = (
				610AF917296A5A9A001E50A6 /* DayByDayUITests.swift */,
				610AF919296A5A9A001E50A6 /* DayByDayUITestsLaunchTests.swift */,
			);
			path = DayByDayUITests;
			sourceTree = "<group>";
		};
		610AF92B296A6D81001E50A6 /* Model */ = {
			isa = PBXGroup;
			children = (
				610AF8F8296A5A99001E50A6 /* Persistence.swift */,
				614EE408296AC9E7001FB19D /* DayStatus.swift */,
			);
			path = Model;
			sourceTree = "<group>";
		};
		61188D3B2970E89C00BF77B5 /* Animations */ = {
			isa = PBXGroup;
			children = (
				61188D3C2970E8D900BF77B5 /* SwirlAnimation.swift */,
				6155DB3C2972599C00256A5A /* BurstAnimation.swift */,
			);
			path = Animations;
			sourceTree = "<group>";
		};
		614EE3FE296A8344001FB19D /* Helpers */ = {
			isa = PBXGroup;
			children = (
				614EE3FF296A838D001FB19D /* CircleStyle.swift */,
				61188D3F2970F51B00BF77B5 /* SwirlStyle.swift */,
				615CC1F7296CC354004DEE47 /* Haptics.swift */,
				6101CA232975FB7D00B12C68 /* Notifications.swift */,
				614EE402296ABA43001FB19D /* CircleLabelView.swift */,
				61188D382970E88E00BF77B5 /* AnimatedImage.swift */,
				614AE46A2974C27900F24397 /* CompleteBackgroundView.swift */,
				61DAE0582995D8F8006502BC /* WigglyBar.swift */,
				611A5F882995EDCE00E28A56 /* WigglyEyes.swift */,
			);
			path = Helpers;
			sourceTree = "<group>";
		};
		61D469C729760854009CB8C3 /* DayByDayWatch Watch App */ = {
			isa = PBXGroup;
			children = (
				61D46A28297615B8009CB8C3 /* DayByDayWatch Watch App.entitlements */,
				61D469C829760854009CB8C3 /* DayByDayWatchApp.swift */,
				61D469CA29760854009CB8C3 /* ContentView.swift */,
				61D469F4297608AB009CB8C3 /* ButtonCluster.swift */,
				61D46A1D29760A2F009CB8C3 /* Helpers */,
				61D469CE29760855009CB8C3 /* Preview Content */,
			);
			path = "DayByDayWatch Watch App";
			sourceTree = "<group>";
		};
		61D469CE29760855009CB8C3 /* Preview Content */ = {
			isa = PBXGroup;
			children = (
				61D469CF29760855009CB8C3 /* Preview Assets.xcassets */,
			);
			path = "Preview Content";
			sourceTree = "<group>";
		};
		61D469D829760855009CB8C3 /* DayByDayWatch Watch AppTests */ = {
			isa = PBXGroup;
			children = (
				61D469D929760855009CB8C3 /* DayByDayWatch_Watch_AppTests.swift */,
			);
			path = "DayByDayWatch Watch AppTests";
			sourceTree = "<group>";
		};
		61D469E229760855009CB8C3 /* DayByDayWatch Watch AppUITests */ = {
			isa = PBXGroup;
			children = (
				61D469E329760855009CB8C3 /* DayByDayWatch_Watch_AppUITests.swift */,
				61D469E529760855009CB8C3 /* DayByDayWatch_Watch_AppUITestsLaunchTests.swift */,
			);
			path = "DayByDayWatch Watch AppUITests";
			sourceTree = "<group>";
		};
		61D46A1D29760A2F009CB8C3 /* Helpers */ = {
			isa = PBXGroup;
			children = (
				61D46A1E29760A40009CB8C3 /* Haptics.swift */,
			);
			path = Helpers;
			sourceTree = "<group>";
		};
/* End PBXGroup section */

/* Begin PBXNativeTarget section */
		610AF8F2296A5A99001E50A6 /* DayByDay */ = {
			isa = PBXNativeTarget;
			buildConfigurationList = 610AF91D296A5A9A001E50A6 /* Build configuration list for PBXNativeTarget "DayByDay" */;
			buildPhases = (
				610AF8EF296A5A99001E50A6 /* Sources */,
				610AF8F0296A5A99001E50A6 /* Frameworks */,
				610AF8F1296A5A99001E50A6 /* Resources */,
				61D469EA29760855009CB8C3 /* Embed Watch Content */,
			);
			buildRules = (
			);
			dependencies = (
				61D469E829760855009CB8C3 /* PBXTargetDependency */,
			);
			name = DayByDay;
			productName = DayByDay;
			productReference = 610AF8F3296A5A99001E50A6 /* DayByDay.app */;
			productType = "com.apple.product-type.application";
		};
		610AF908296A5A9A001E50A6 /* DayByDayTests */ = {
			isa = PBXNativeTarget;
			buildConfigurationList = 610AF920296A5A9A001E50A6 /* Build configuration list for PBXNativeTarget "DayByDayTests" */;
			buildPhases = (
				610AF905296A5A9A001E50A6 /* Sources */,
				610AF906296A5A9A001E50A6 /* Frameworks */,
				610AF907296A5A9A001E50A6 /* Resources */,
			);
			buildRules = (
			);
			dependencies = (
				610AF90B296A5A9A001E50A6 /* PBXTargetDependency */,
			);
			name = DayByDayTests;
			productName = DayByDayTests;
			productReference = 610AF909296A5A9A001E50A6 /* DayByDayTests.xctest */;
			productType = "com.apple.product-type.bundle.unit-test";
		};
		610AF912296A5A9A001E50A6 /* DayByDayUITests */ = {
			isa = PBXNativeTarget;
			buildConfigurationList = 610AF923296A5A9A001E50A6 /* Build configuration list for PBXNativeTarget "DayByDayUITests" */;
			buildPhases = (
				610AF90F296A5A9A001E50A6 /* Sources */,
				610AF910296A5A9A001E50A6 /* Frameworks */,
				610AF911296A5A9A001E50A6 /* Resources */,
			);
			buildRules = (
			);
			dependencies = (
				610AF915296A5A9A001E50A6 /* PBXTargetDependency */,
			);
			name = DayByDayUITests;
			productName = DayByDayUITests;
			productReference = 610AF913296A5A9A001E50A6 /* DayByDayUITests.xctest */;
			productType = "com.apple.product-type.bundle.ui-testing";
		};
		61D469C529760854009CB8C3 /* DayByDayWatch Watch App */ = {
			isa = PBXNativeTarget;
			buildConfigurationList = 61D469F129760855009CB8C3 /* Build configuration list for PBXNativeTarget "DayByDayWatch Watch App" */;
			buildPhases = (
				61D469C229760854009CB8C3 /* Sources */,
				61D469C329760854009CB8C3 /* Frameworks */,
				61D469C429760854009CB8C3 /* Resources */,
			);
			buildRules = (
			);
			dependencies = (
			);
			name = "DayByDayWatch Watch App";
			productName = "DayByDayWatch Watch App";
			productReference = 61D469C629760854009CB8C3 /* DayByDayWatch Watch App.app */;
			productType = "com.apple.product-type.application";
		};
		61D469D429760855009CB8C3 /* DayByDayWatch Watch AppTests */ = {
			isa = PBXNativeTarget;
			buildConfigurationList = 61D469F229760855009CB8C3 /* Build configuration list for PBXNativeTarget "DayByDayWatch Watch AppTests" */;
			buildPhases = (
				61D469D129760855009CB8C3 /* Sources */,
				61D469D229760855009CB8C3 /* Frameworks */,
				61D469D329760855009CB8C3 /* Resources */,
			);
			buildRules = (
			);
			dependencies = (
				61D469D729760855009CB8C3 /* PBXTargetDependency */,
			);
			name = "DayByDayWatch Watch AppTests";
			productName = "DayByDayWatch Watch AppTests";
			productReference = 61D469D529760855009CB8C3 /* DayByDayWatch Watch AppTests.xctest */;
			productType = "com.apple.product-type.bundle.unit-test";
		};
		61D469DE29760855009CB8C3 /* DayByDayWatch Watch AppUITests */ = {
			isa = PBXNativeTarget;
			buildConfigurationList = 61D469F329760855009CB8C3 /* Build configuration list for PBXNativeTarget "DayByDayWatch Watch AppUITests" */;
			buildPhases = (
				61D469DB29760855009CB8C3 /* Sources */,
				61D469DC29760855009CB8C3 /* Frameworks */,
				61D469DD29760855009CB8C3 /* Resources */,
			);
			buildRules = (
			);
			dependencies = (
				61D469E129760855009CB8C3 /* PBXTargetDependency */,
			);
			name = "DayByDayWatch Watch AppUITests";
			productName = "DayByDayWatch Watch AppUITests";
			productReference = 61D469DF29760855009CB8C3 /* DayByDayWatch Watch AppUITests.xctest */;
			productType = "com.apple.product-type.bundle.ui-testing";
		};
/* End PBXNativeTarget section */

/* Begin PBXProject section */
		610AF8EB296A5A99001E50A6 /* Project object */ = {
			isa = PBXProject;
			attributes = {
				BuildIndependentTargetsInParallel = 1;
				LastSwiftUpdateCheck = 1410;
				LastUpgradeCheck = 1420;
				TargetAttributes = {
					610AF8F2296A5A99001E50A6 = {
						CreatedOnToolsVersion = 14.1;
					};
					610AF908296A5A9A001E50A6 = {
						CreatedOnToolsVersion = 14.1;
						TestTargetID = 610AF8F2296A5A99001E50A6;
					};
					610AF912296A5A9A001E50A6 = {
						CreatedOnToolsVersion = 14.1;
						TestTargetID = 610AF8F2296A5A99001E50A6;
					};
					61D469C529760854009CB8C3 = {
						CreatedOnToolsVersion = 14.1;
					};
					61D469D429760855009CB8C3 = {
						CreatedOnToolsVersion = 14.1;
						TestTargetID = 61D469C529760854009CB8C3;
					};
					61D469DE29760855009CB8C3 = {
						CreatedOnToolsVersion = 14.1;
						TestTargetID = 61D469C529760854009CB8C3;
					};
				};
			};
			buildConfigurationList = 610AF8EE296A5A99001E50A6 /* Build configuration list for PBXProject "DayByDay" */;
			compatibilityVersion = "Xcode 14.0";
			developmentRegion = en;
			hasScannedForEncodings = 0;
			knownRegions = (
				en,
				Base,
			);
			mainGroup = 610AF8EA296A5A99001E50A6;
			productRefGroup = 610AF8F4296A5A99001E50A6 /* Products */;
			projectDirPath = "";
			projectRoot = "";
			targets = (
				610AF8F2296A5A99001E50A6 /* DayByDay */,
				610AF908296A5A9A001E50A6 /* DayByDayTests */,
				610AF912296A5A9A001E50A6 /* DayByDayUITests */,
				61D469C529760854009CB8C3 /* DayByDayWatch Watch App */,
				61D469D429760855009CB8C3 /* DayByDayWatch Watch AppTests */,
				61D469DE29760855009CB8C3 /* DayByDayWatch Watch AppUITests */,
			);
		};
/* End PBXProject section */

/* Begin PBXResourcesBuildPhase section */
		610AF8F1296A5A99001E50A6 /* Resources */ = {
			isa = PBXResourcesBuildPhase;
			buildActionMask = 2147483647;
			files = (
				610AF904296A5A9A001E50A6 /* Preview Assets.xcassets in Resources */,
				610AF900296A5A9A001E50A6 /* Assets.xcassets in Resources */,
			);
			runOnlyForDeploymentPostprocessing = 0;
		};
		610AF907296A5A9A001E50A6 /* Resources */ = {
			isa = PBXResourcesBuildPhase;
			buildActionMask = 2147483647;
			files = (
			);
			runOnlyForDeploymentPostprocessing = 0;
		};
		610AF911296A5A9A001E50A6 /* Resources */ = {
			isa = PBXResourcesBuildPhase;
			buildActionMask = 2147483647;
			files = (
				61D46A2329760B5D009CB8C3 /* Assets.xcassets in Resources */,
			);
			runOnlyForDeploymentPostprocessing = 0;
		};
		61D469C429760854009CB8C3 /* Resources */ = {
			isa = PBXResourcesBuildPhase;
			buildActionMask = 2147483647;
			files = (
				61D46A2629761033009CB8C3 /* Assets.xcassets in Resources */,
				61D469D029760855009CB8C3 /* Preview Assets.xcassets in Resources */,
			);
			runOnlyForDeploymentPostprocessing = 0;
		};
		61D469D329760855009CB8C3 /* Resources */ = {
			isa = PBXResourcesBuildPhase;
			buildActionMask = 2147483647;
			files = (
			);
			runOnlyForDeploymentPostprocessing = 0;
		};
		61D469DD29760855009CB8C3 /* Resources */ = {
			isa = PBXResourcesBuildPhase;
			buildActionMask = 2147483647;
			files = (
				61D46A2729761034009CB8C3 /* Assets.xcassets in Resources */,
			);
			runOnlyForDeploymentPostprocessing = 0;
		};
/* End PBXResourcesBuildPhase section */

/* Begin PBXSourcesBuildPhase section */
		610AF8EF296A5A99001E50A6 /* Sources */ = {
			isa = PBXSourcesBuildPhase;
			buildActionMask = 2147483647;
			files = (
				614EE406296AC978001FB19D /* ButtonCluster.swift in Sources */,
				61DAE0592995D8F8006502BC /* WigglyBar.swift in Sources */,
				61188D402970F51B00BF77B5 /* SwirlStyle.swift in Sources */,
				614AE46B2974C27900F24397 /* CompleteBackgroundView.swift in Sources */,
				610AF8FC296A5A99001E50A6 /* DayByDay.xcdatamodeld in Sources */,
				615CC1F8296CC354004DEE47 /* Haptics.swift in Sources */,
				610AF8F7296A5A99001E50A6 /* DayByDayApp.swift in Sources */,
				614EE400296A838D001FB19D /* CircleStyle.swift in Sources */,
				61188D4329710D8000BF77B5 /* Color+hex.swift in Sources */,
				614EE409296AC9E7001FB19D /* DayStatus.swift in Sources */,
				6104E56B296B1A580034B9E3 /* Date+compare.swift in Sources */,
				614EE40C296AF187001FB19D /* PastView.swift in Sources */,
				61188D392970E88E00BF77B5 /* AnimatedImage.swift in Sources */,
				6101CA242975FB7D00B12C68 /* Notifications.swift in Sources */,
				614EE403296ABA43001FB19D /* CircleLabelView.swift in Sources */,
				611A5F892995EDCE00E28A56 /* WigglyEyes.swift in Sources */,
				610AF8FE296A5A99001E50A6 /* ContentView.swift in Sources */,
				61DAE0602995DA41006502BC /* LinearGradient+ForCategory.swift in Sources */,
				610AF8F9296A5A99001E50A6 /* Persistence.swift in Sources */,
				61188D3D2970E8D900BF77B5 /* SwirlAnimation.swift in Sources */,
				6155DB3D2972599C00256A5A /* BurstAnimation.swift in Sources */,
			);
			runOnlyForDeploymentPostprocessing = 0;
		};
		610AF905296A5A9A001E50A6 /* Sources */ = {
			isa = PBXSourcesBuildPhase;
			buildActionMask = 2147483647;
			files = (
				61D46A1B29760996009CB8C3 /* DayByDay.xcdatamodeld in Sources */,
				611A5F8A2995EDCE00E28A56 /* WigglyEyes.swift in Sources */,
				61D46A02297608EF009CB8C3 /* Color+hex.swift in Sources */,
				610AF90E296A5A9A001E50A6 /* DayByDayTests.swift in Sources */,
				6104E56C296B1A580034B9E3 /* Date+compare.swift in Sources */,
				61DAE0612995DA41006502BC /* LinearGradient+ForCategory.swift in Sources */,
				61DAE05A2995D8F8006502BC /* WigglyBar.swift in Sources */,
			);
			runOnlyForDeploymentPostprocessing = 0;
		};
		610AF90F296A5A9A001E50A6 /* Sources */ = {
			isa = PBXSourcesBuildPhase;
			buildActionMask = 2147483647;
			files = (
				61D46A1829760993009CB8C3 /* DayByDay.xcdatamodeld in Sources */,
				61DAE05B2995D8F8006502BC /* WigglyBar.swift in Sources */,
				614AE46C2974C27900F24397 /* CompleteBackgroundView.swift in Sources */,
				615CC1FA296CC354004DEE47 /* Haptics.swift in Sources */,
				61D469F9297608D5009CB8C3 /* Persistence.swift in Sources */,
				614EE407296AC978001FB19D /* ButtonCluster.swift in Sources */,
				610AF91A296A5A9A001E50A6 /* DayByDayUITestsLaunchTests.swift in Sources */,
				614EE404296ABA43001FB19D /* CircleLabelView.swift in Sources */,
				61188D3E2970E8D900BF77B5 /* SwirlAnimation.swift in Sources */,
				6155DB3E2972599C00256A5A /* BurstAnimation.swift in Sources */,
				61188D4429710D8000BF77B5 /* Color+hex.swift in Sources */,
				6101CA262975FB7D00B12C68 /* Notifications.swift in Sources */,
				610AF918296A5A9A001E50A6 /* DayByDayUITests.swift in Sources */,
				614EE40A296AC9E7001FB19D /* DayStatus.swift in Sources */,
				6104E56D296B1A590034B9E3 /* Date+compare.swift in Sources */,
				611A5F8B2995EDCE00E28A56 /* WigglyEyes.swift in Sources */,
				614EE40D296AF187001FB19D /* PastView.swift in Sources */,
				61DAE0622995DA41006502BC /* LinearGradient+ForCategory.swift in Sources */,
				61188D412970F51B00BF77B5 /* SwirlStyle.swift in Sources */,
				61188D3A2970E88E00BF77B5 /* AnimatedImage.swift in Sources */,
				614EE401296A838D001FB19D /* CircleStyle.swift in Sources */,
			);
			runOnlyForDeploymentPostprocessing = 0;
		};
		61D469C229760854009CB8C3 /* Sources */ = {
			isa = PBXSourcesBuildPhase;
			buildActionMask = 2147483647;
			files = (
				611A5F8C2995EDCE00E28A56 /* WigglyEyes.swift in Sources */,
				61D46A1F29760A40009CB8C3 /* Haptics.swift in Sources */,
				61D46A1729760990009CB8C3 /* DayByDay.xcdatamodeld in Sources */,
				61D46A1329760938009CB8C3 /* SwirlAnimation.swift in Sources */,
				61D46A112976092D009CB8C3 /* CompleteBackgroundView.swift in Sources */,
				61D46A0B29760909009CB8C3 /* Notifications.swift in Sources */,
				61D469CB29760854009CB8C3 /* ContentView.swift in Sources */,
				61D46A01297608EF009CB8C3 /* Color+hex.swift in Sources */,
				61D46A0F2976091B009CB8C3 /* AnimatedImage.swift in Sources */,
				61D46A05297608F6009CB8C3 /* CircleStyle.swift in Sources */,
				61D469F7297608CE009CB8C3 /* Persistence.swift in Sources */,
				61D469FA297608DB009CB8C3 /* DayStatus.swift in Sources */,
				61D469F5297608AB009CB8C3 /* ButtonCluster.swift in Sources */,
				61D469FE297608E9009CB8C3 /* Date+compare.swift in Sources */,
				61D469C929760854009CB8C3 /* DayByDayWatchApp.swift in Sources */,
				61DAE0632995DA41006502BC /* LinearGradient+ForCategory.swift in Sources */,
				61DAE05C2995D8F8006502BC /* WigglyBar.swift in Sources */,
				61D46A152976093D009CB8C3 /* BurstAnimation.swift in Sources */,
				61D46A07297608FA009CB8C3 /* SwirlStyle.swift in Sources */,
				61D46A0D29760917009CB8C3 /* CircleLabelView.swift in Sources */,
			);
			runOnlyForDeploymentPostprocessing = 0;
		};
		61D469D129760855009CB8C3 /* Sources */ = {
			isa = PBXSourcesBuildPhase;
			buildActionMask = 2147483647;
			files = (
				61D46A1A29760995009CB8C3 /* DayByDay.xcdatamodeld in Sources */,
				611A5F8D2995EDCE00E28A56 /* WigglyEyes.swift in Sources */,
				61D46A03297608F0009CB8C3 /* Color+hex.swift in Sources */,
				61D469DA29760855009CB8C3 /* DayByDayWatch_Watch_AppTests.swift in Sources */,
				61D469FF297608EA009CB8C3 /* Date+compare.swift in Sources */,
				61DAE0642995DA41006502BC /* LinearGradient+ForCategory.swift in Sources */,
				61DAE05D2995D8F8006502BC /* WigglyBar.swift in Sources */,
			);
			runOnlyForDeploymentPostprocessing = 0;
		};
		61D469DB29760855009CB8C3 /* Sources */ = {
			isa = PBXSourcesBuildPhase;
			buildActionMask = 2147483647;
			files = (
				61D46A1929760993009CB8C3 /* DayByDay.xcdatamodeld in Sources */,
				61DAE05E2995D8F8006502BC /* WigglyBar.swift in Sources */,
				61D46A142976093A009CB8C3 /* SwirlAnimation.swift in Sources */,
				61D46A122976092F009CB8C3 /* CompleteBackgroundView.swift in Sources */,
				61D46A0C2976090B009CB8C3 /* Notifications.swift in Sources */,
				61D469E429760855009CB8C3 /* DayByDayWatch_Watch_AppUITests.swift in Sources */,
				61D46A04297608F1009CB8C3 /* Color+hex.swift in Sources */,
				61D46A102976091C009CB8C3 /* AnimatedImage.swift in Sources */,
				61D46A1C297609E4009CB8C3 /* ContentView.swift in Sources */,
				61D46A06297608F7009CB8C3 /* CircleStyle.swift in Sources */,
				61D469F8297608D1009CB8C3 /* Persistence.swift in Sources */,
				61D469FB297608DC009CB8C3 /* DayStatus.swift in Sources */,
				61D469F6297608AB009CB8C3 /* ButtonCluster.swift in Sources */,
				61D46A00297608EA009CB8C3 /* Date+compare.swift in Sources */,
				61D469E629760855009CB8C3 /* DayByDayWatch_Watch_AppUITestsLaunchTests.swift in Sources */,
				611A5F8E2995EDCE00E28A56 /* WigglyEyes.swift in Sources */,
				61D46A162976093E009CB8C3 /* BurstAnimation.swift in Sources */,
				61DAE0652995DA41006502BC /* LinearGradient+ForCategory.swift in Sources */,
				61D46A2029760A40009CB8C3 /* Haptics.swift in Sources */,
				61D46A08297608FA009CB8C3 /* SwirlStyle.swift in Sources */,
				61D46A0E29760918009CB8C3 /* CircleLabelView.swift in Sources */,
			);
			runOnlyForDeploymentPostprocessing = 0;
		};
/* End PBXSourcesBuildPhase section */

/* Begin PBXTargetDependency section */
		610AF90B296A5A9A001E50A6 /* PBXTargetDependency */ = {
			isa = PBXTargetDependency;
			target = 610AF8F2296A5A99001E50A6 /* DayByDay */;
			targetProxy = 610AF90A296A5A9A001E50A6 /* PBXContainerItemProxy */;
		};
		610AF915296A5A9A001E50A6 /* PBXTargetDependency */ = {
			isa = PBXTargetDependency;
			target = 610AF8F2296A5A99001E50A6 /* DayByDay */;
			targetProxy = 610AF914296A5A9A001E50A6 /* PBXContainerItemProxy */;
		};
		61D469D729760855009CB8C3 /* PBXTargetDependency */ = {
			isa = PBXTargetDependency;
			target = 61D469C529760854009CB8C3 /* DayByDayWatch Watch App */;
			targetProxy = 61D469D629760855009CB8C3 /* PBXContainerItemProxy */;
		};
		61D469E129760855009CB8C3 /* PBXTargetDependency */ = {
			isa = PBXTargetDependency;
			target = 61D469C529760854009CB8C3 /* DayByDayWatch Watch App */;
			targetProxy = 61D469E029760855009CB8C3 /* PBXContainerItemProxy */;
		};
		61D469E829760855009CB8C3 /* PBXTargetDependency */ = {
			isa = PBXTargetDependency;
			target = 61D469C529760854009CB8C3 /* DayByDayWatch Watch App */;
			targetProxy = 61D469E729760855009CB8C3 /* PBXContainerItemProxy */;
		};
/* End PBXTargetDependency section */

/* Begin XCBuildConfiguration section */
		610AF91B296A5A9A001E50A6 /* Debug */ = {
			isa = XCBuildConfiguration;
			buildSettings = {
				ALWAYS_SEARCH_USER_PATHS = NO;
				CLANG_ANALYZER_NONNULL = YES;
				CLANG_ANALYZER_NUMBER_OBJECT_CONVERSION = YES_AGGRESSIVE;
				CLANG_CXX_LANGUAGE_STANDARD = "gnu++20";
				CLANG_ENABLE_MODULES = YES;
				CLANG_ENABLE_OBJC_ARC = YES;
				CLANG_ENABLE_OBJC_WEAK = YES;
				CLANG_WARN_BLOCK_CAPTURE_AUTORELEASING = YES;
				CLANG_WARN_BOOL_CONVERSION = YES;
				CLANG_WARN_COMMA = YES;
				CLANG_WARN_CONSTANT_CONVERSION = YES;
				CLANG_WARN_DEPRECATED_OBJC_IMPLEMENTATIONS = YES;
				CLANG_WARN_DIRECT_OBJC_ISA_USAGE = YES_ERROR;
				CLANG_WARN_DOCUMENTATION_COMMENTS = YES;
				CLANG_WARN_EMPTY_BODY = YES;
				CLANG_WARN_ENUM_CONVERSION = YES;
				CLANG_WARN_INFINITE_RECURSION = YES;
				CLANG_WARN_INT_CONVERSION = YES;
				CLANG_WARN_NON_LITERAL_NULL_CONVERSION = YES;
				CLANG_WARN_OBJC_IMPLICIT_RETAIN_SELF = YES;
				CLANG_WARN_OBJC_LITERAL_CONVERSION = YES;
				CLANG_WARN_OBJC_ROOT_CLASS = YES_ERROR;
				CLANG_WARN_QUOTED_INCLUDE_IN_FRAMEWORK_HEADER = YES;
				CLANG_WARN_RANGE_LOOP_ANALYSIS = YES;
				CLANG_WARN_STRICT_PROTOTYPES = YES;
				CLANG_WARN_SUSPICIOUS_MOVE = YES;
				CLANG_WARN_UNGUARDED_AVAILABILITY = YES_AGGRESSIVE;
				CLANG_WARN_UNREACHABLE_CODE = YES;
				CLANG_WARN__DUPLICATE_METHOD_MATCH = YES;
				COPY_PHASE_STRIP = NO;
				DEAD_CODE_STRIPPING = YES;
				DEBUG_INFORMATION_FORMAT = dwarf;
				ENABLE_STRICT_OBJC_MSGSEND = YES;
				ENABLE_TESTABILITY = YES;
				GCC_C_LANGUAGE_STANDARD = gnu11;
				GCC_DYNAMIC_NO_PIC = NO;
				GCC_NO_COMMON_BLOCKS = YES;
				GCC_OPTIMIZATION_LEVEL = 0;
				GCC_PREPROCESSOR_DEFINITIONS = (
					"DEBUG=1",
					"$(inherited)",
				);
				GCC_WARN_64_TO_32_BIT_CONVERSION = YES;
				GCC_WARN_ABOUT_RETURN_TYPE = YES_ERROR;
				GCC_WARN_UNDECLARED_SELECTOR = YES;
				GCC_WARN_UNINITIALIZED_AUTOS = YES_AGGRESSIVE;
				GCC_WARN_UNUSED_FUNCTION = YES;
				GCC_WARN_UNUSED_VARIABLE = YES;
				MTL_ENABLE_DEBUG_INFO = INCLUDE_SOURCE;
				MTL_FAST_MATH = YES;
				ONLY_ACTIVE_ARCH = YES;
				SWIFT_ACTIVE_COMPILATION_CONDITIONS = DEBUG;
				SWIFT_OPTIMIZATION_LEVEL = "-Onone";
			};
			name = Debug;
		};
		610AF91C296A5A9A001E50A6 /* Release */ = {
			isa = XCBuildConfiguration;
			buildSettings = {
				ALWAYS_SEARCH_USER_PATHS = NO;
				CLANG_ANALYZER_NONNULL = YES;
				CLANG_ANALYZER_NUMBER_OBJECT_CONVERSION = YES_AGGRESSIVE;
				CLANG_CXX_LANGUAGE_STANDARD = "gnu++20";
				CLANG_ENABLE_MODULES = YES;
				CLANG_ENABLE_OBJC_ARC = YES;
				CLANG_ENABLE_OBJC_WEAK = YES;
				CLANG_WARN_BLOCK_CAPTURE_AUTORELEASING = YES;
				CLANG_WARN_BOOL_CONVERSION = YES;
				CLANG_WARN_COMMA = YES;
				CLANG_WARN_CONSTANT_CONVERSION = YES;
				CLANG_WARN_DEPRECATED_OBJC_IMPLEMENTATIONS = YES;
				CLANG_WARN_DIRECT_OBJC_ISA_USAGE = YES_ERROR;
				CLANG_WARN_DOCUMENTATION_COMMENTS = YES;
				CLANG_WARN_EMPTY_BODY = YES;
				CLANG_WARN_ENUM_CONVERSION = YES;
				CLANG_WARN_INFINITE_RECURSION = YES;
				CLANG_WARN_INT_CONVERSION = YES;
				CLANG_WARN_NON_LITERAL_NULL_CONVERSION = YES;
				CLANG_WARN_OBJC_IMPLICIT_RETAIN_SELF = YES;
				CLANG_WARN_OBJC_LITERAL_CONVERSION = YES;
				CLANG_WARN_OBJC_ROOT_CLASS = YES_ERROR;
				CLANG_WARN_QUOTED_INCLUDE_IN_FRAMEWORK_HEADER = YES;
				CLANG_WARN_RANGE_LOOP_ANALYSIS = YES;
				CLANG_WARN_STRICT_PROTOTYPES = YES;
				CLANG_WARN_SUSPICIOUS_MOVE = YES;
				CLANG_WARN_UNGUARDED_AVAILABILITY = YES_AGGRESSIVE;
				CLANG_WARN_UNREACHABLE_CODE = YES;
				CLANG_WARN__DUPLICATE_METHOD_MATCH = YES;
				COPY_PHASE_STRIP = NO;
				DEAD_CODE_STRIPPING = YES;
				DEBUG_INFORMATION_FORMAT = "dwarf-with-dsym";
				ENABLE_NS_ASSERTIONS = NO;
				ENABLE_STRICT_OBJC_MSGSEND = YES;
				GCC_C_LANGUAGE_STANDARD = gnu11;
				GCC_NO_COMMON_BLOCKS = YES;
				GCC_WARN_64_TO_32_BIT_CONVERSION = YES;
				GCC_WARN_ABOUT_RETURN_TYPE = YES_ERROR;
				GCC_WARN_UNDECLARED_SELECTOR = YES;
				GCC_WARN_UNINITIALIZED_AUTOS = YES_AGGRESSIVE;
				GCC_WARN_UNUSED_FUNCTION = YES;
				GCC_WARN_UNUSED_VARIABLE = YES;
				MTL_ENABLE_DEBUG_INFO = NO;
				MTL_FAST_MATH = YES;
				SWIFT_COMPILATION_MODE = wholemodule;
				SWIFT_OPTIMIZATION_LEVEL = "-O";
			};
			name = Release;
		};
		610AF91E296A5A9A001E50A6 /* Debug */ = {
			isa = XCBuildConfiguration;
			buildSettings = {
				ALWAYS_EMBED_SWIFT_STANDARD_LIBRARIES = YES;
				ASSETCATALOG_COMPILER_APPICON_NAME = AppIcon;
				ASSETCATALOG_COMPILER_GLOBAL_ACCENT_COLOR_NAME = AccentColor;
				CODE_SIGN_ENTITLEMENTS = DayByDay/DayByDay.entitlements;
				CODE_SIGN_IDENTITY = "-";
				"CODE_SIGN_IDENTITY[sdk=iphoneos*]" = "Apple Development";
				"CODE_SIGN_IDENTITY[sdk=macosx*]" = "Apple Development";
				CODE_SIGN_STYLE = Automatic;
				CURRENT_PROJECT_VERSION = 1;
				DEAD_CODE_STRIPPING = YES;
				DEVELOPMENT_ASSET_PATHS = "\"DayByDay/Preview Content\"";
				DEVELOPMENT_TEAM = B5RQ2EJVKL;
				ENABLE_HARDENED_RUNTIME = YES;
				ENABLE_PREVIEWS = YES;
				GENERATE_INFOPLIST_FILE = YES;
				INFOPLIST_FILE = DayByDay/Info.plist;
				"INFOPLIST_KEY_UIApplicationSceneManifest_Generation[sdk=iphoneos*]" = YES;
				"INFOPLIST_KEY_UIApplicationSceneManifest_Generation[sdk=iphonesimulator*]" = YES;
				"INFOPLIST_KEY_UIApplicationSupportsIndirectInputEvents[sdk=iphoneos*]" = YES;
				"INFOPLIST_KEY_UIApplicationSupportsIndirectInputEvents[sdk=iphonesimulator*]" = YES;
				"INFOPLIST_KEY_UILaunchScreen_Generation[sdk=iphoneos*]" = YES;
				"INFOPLIST_KEY_UILaunchScreen_Generation[sdk=iphonesimulator*]" = YES;
				"INFOPLIST_KEY_UIStatusBarStyle[sdk=iphoneos*]" = UIStatusBarStyleDefault;
				"INFOPLIST_KEY_UIStatusBarStyle[sdk=iphonesimulator*]" = UIStatusBarStyleDefault;
				INFOPLIST_KEY_UISupportedInterfaceOrientations = UIInterfaceOrientationPortrait;
				INFOPLIST_KEY_UISupportedInterfaceOrientations_iPad = "UIInterfaceOrientationLandscapeLeft UIInterfaceOrientationLandscapeRight UIInterfaceOrientationPortrait UIInterfaceOrientationPortraitUpsideDown";
				IPHONEOS_DEPLOYMENT_TARGET = 16.1;
				LD_RUNPATH_SEARCH_PATHS = "@executable_path/Frameworks";
				"LD_RUNPATH_SEARCH_PATHS[sdk=macosx*]" = "@executable_path/../Frameworks";
				MACOSX_DEPLOYMENT_TARGET = 13.0;
				MARKETING_VERSION = 1.0;
				PRODUCT_BUNDLE_IDENTIFIER = "com.po-gl-a.DayByDay";
				PRODUCT_NAME = "$(TARGET_NAME)";
				SDKROOT = auto;
				SUPPORTED_PLATFORMS = "iphoneos iphonesimulator macosx";
				SWIFT_EMIT_LOC_STRINGS = YES;
				SWIFT_VERSION = 5.0;
				TARGETED_DEVICE_FAMILY = "1,2";
			};
			name = Debug;
		};
		610AF91F296A5A9A001E50A6 /* Release */ = {
			isa = XCBuildConfiguration;
			buildSettings = {
				ALWAYS_EMBED_SWIFT_STANDARD_LIBRARIES = YES;
				ASSETCATALOG_COMPILER_APPICON_NAME = AppIcon;
				ASSETCATALOG_COMPILER_GLOBAL_ACCENT_COLOR_NAME = AccentColor;
				CODE_SIGN_ENTITLEMENTS = DayByDay/DayByDay.entitlements;
				CODE_SIGN_IDENTITY = "-";
				"CODE_SIGN_IDENTITY[sdk=iphoneos*]" = "Apple Development";
				"CODE_SIGN_IDENTITY[sdk=macosx*]" = "Apple Development";
				CODE_SIGN_STYLE = Automatic;
				CURRENT_PROJECT_VERSION = 1;
				DEAD_CODE_STRIPPING = YES;
				DEVELOPMENT_ASSET_PATHS = "\"DayByDay/Preview Content\"";
				DEVELOPMENT_TEAM = B5RQ2EJVKL;
				ENABLE_HARDENED_RUNTIME = YES;
				ENABLE_PREVIEWS = YES;
				GENERATE_INFOPLIST_FILE = YES;
				INFOPLIST_FILE = DayByDay/Info.plist;
				"INFOPLIST_KEY_UIApplicationSceneManifest_Generation[sdk=iphoneos*]" = YES;
				"INFOPLIST_KEY_UIApplicationSceneManifest_Generation[sdk=iphonesimulator*]" = YES;
				"INFOPLIST_KEY_UIApplicationSupportsIndirectInputEvents[sdk=iphoneos*]" = YES;
				"INFOPLIST_KEY_UIApplicationSupportsIndirectInputEvents[sdk=iphonesimulator*]" = YES;
				"INFOPLIST_KEY_UILaunchScreen_Generation[sdk=iphoneos*]" = YES;
				"INFOPLIST_KEY_UILaunchScreen_Generation[sdk=iphonesimulator*]" = YES;
				"INFOPLIST_KEY_UIStatusBarStyle[sdk=iphoneos*]" = UIStatusBarStyleDefault;
				"INFOPLIST_KEY_UIStatusBarStyle[sdk=iphonesimulator*]" = UIStatusBarStyleDefault;
				INFOPLIST_KEY_UISupportedInterfaceOrientations = UIInterfaceOrientationPortrait;
				INFOPLIST_KEY_UISupportedInterfaceOrientations_iPad = "UIInterfaceOrientationLandscapeLeft UIInterfaceOrientationLandscapeRight UIInterfaceOrientationPortrait UIInterfaceOrientationPortraitUpsideDown";
				IPHONEOS_DEPLOYMENT_TARGET = 16.1;
				LD_RUNPATH_SEARCH_PATHS = "@executable_path/Frameworks";
				"LD_RUNPATH_SEARCH_PATHS[sdk=macosx*]" = "@executable_path/../Frameworks";
				MACOSX_DEPLOYMENT_TARGET = 13.0;
				MARKETING_VERSION = 1.0;
				PRODUCT_BUNDLE_IDENTIFIER = "com.po-gl-a.DayByDay";
				PRODUCT_NAME = "$(TARGET_NAME)";
				SDKROOT = auto;
				SUPPORTED_PLATFORMS = "iphoneos iphonesimulator macosx";
				SWIFT_EMIT_LOC_STRINGS = YES;
				SWIFT_VERSION = 5.0;
				TARGETED_DEVICE_FAMILY = "1,2";
			};
			name = Release;
		};
		610AF921296A5A9A001E50A6 /* Debug */ = {
			isa = XCBuildConfiguration;
			buildSettings = {
				ALWAYS_EMBED_SWIFT_STANDARD_LIBRARIES = YES;
				BUNDLE_LOADER = "$(TEST_HOST)";
				CODE_SIGN_STYLE = Automatic;
				CURRENT_PROJECT_VERSION = 1;
				DEAD_CODE_STRIPPING = YES;
				DEVELOPMENT_TEAM = B5RQ2EJVKL;
				GENERATE_INFOPLIST_FILE = YES;
				IPHONEOS_DEPLOYMENT_TARGET = 16.1;
				MACOSX_DEPLOYMENT_TARGET = 13.0;
				MARKETING_VERSION = 1.0;
				PRODUCT_BUNDLE_IDENTIFIER = "com.po-gl-a.DayByDayTests";
				PRODUCT_NAME = "$(TARGET_NAME)";
				SDKROOT = auto;
				SUPPORTED_PLATFORMS = "iphoneos iphonesimulator macosx";
				SWIFT_EMIT_LOC_STRINGS = NO;
				SWIFT_VERSION = 5.0;
				TARGETED_DEVICE_FAMILY = "1,2";
				TEST_HOST = "$(BUILT_PRODUCTS_DIR)/DayByDay.app/$(BUNDLE_EXECUTABLE_FOLDER_PATH)/DayByDay";
			};
			name = Debug;
		};
		610AF922296A5A9A001E50A6 /* Release */ = {
			isa = XCBuildConfiguration;
			buildSettings = {
				ALWAYS_EMBED_SWIFT_STANDARD_LIBRARIES = YES;
				BUNDLE_LOADER = "$(TEST_HOST)";
				CODE_SIGN_STYLE = Automatic;
				CURRENT_PROJECT_VERSION = 1;
				DEAD_CODE_STRIPPING = YES;
				DEVELOPMENT_TEAM = B5RQ2EJVKL;
				GENERATE_INFOPLIST_FILE = YES;
				IPHONEOS_DEPLOYMENT_TARGET = 16.1;
				MACOSX_DEPLOYMENT_TARGET = 13.0;
				MARKETING_VERSION = 1.0;
				PRODUCT_BUNDLE_IDENTIFIER = "com.po-gl-a.DayByDayTests";
				PRODUCT_NAME = "$(TARGET_NAME)";
				SDKROOT = auto;
				SUPPORTED_PLATFORMS = "iphoneos iphonesimulator macosx";
				SWIFT_EMIT_LOC_STRINGS = NO;
				SWIFT_VERSION = 5.0;
				TARGETED_DEVICE_FAMILY = "1,2";
				TEST_HOST = "$(BUILT_PRODUCTS_DIR)/DayByDay.app/$(BUNDLE_EXECUTABLE_FOLDER_PATH)/DayByDay";
			};
			name = Release;
		};
		610AF924296A5A9A001E50A6 /* Debug */ = {
			isa = XCBuildConfiguration;
			buildSettings = {
				ALWAYS_EMBED_SWIFT_STANDARD_LIBRARIES = YES;
				CODE_SIGN_STYLE = Automatic;
				CURRENT_PROJECT_VERSION = 1;
				DEAD_CODE_STRIPPING = YES;
				DEVELOPMENT_TEAM = B5RQ2EJVKL;
				GENERATE_INFOPLIST_FILE = YES;
				IPHONEOS_DEPLOYMENT_TARGET = 16.1;
				MACOSX_DEPLOYMENT_TARGET = 13.0;
				MARKETING_VERSION = 1.0;
				PRODUCT_BUNDLE_IDENTIFIER = "com.po-gl-a.DayByDayUITests";
				PRODUCT_NAME = "$(TARGET_NAME)";
				SDKROOT = auto;
				SUPPORTED_PLATFORMS = "iphoneos iphonesimulator macosx";
				SWIFT_EMIT_LOC_STRINGS = NO;
				SWIFT_VERSION = 5.0;
				TARGETED_DEVICE_FAMILY = "1,2";
				TEST_TARGET_NAME = DayByDay;
			};
			name = Debug;
		};
		610AF925296A5A9A001E50A6 /* Release */ = {
			isa = XCBuildConfiguration;
			buildSettings = {
				ALWAYS_EMBED_SWIFT_STANDARD_LIBRARIES = YES;
				CODE_SIGN_STYLE = Automatic;
				CURRENT_PROJECT_VERSION = 1;
				DEAD_CODE_STRIPPING = YES;
				DEVELOPMENT_TEAM = B5RQ2EJVKL;
				GENERATE_INFOPLIST_FILE = YES;
				IPHONEOS_DEPLOYMENT_TARGET = 16.1;
				MACOSX_DEPLOYMENT_TARGET = 13.0;
				MARKETING_VERSION = 1.0;
				PRODUCT_BUNDLE_IDENTIFIER = "com.po-gl-a.DayByDayUITests";
				PRODUCT_NAME = "$(TARGET_NAME)";
				SDKROOT = auto;
				SUPPORTED_PLATFORMS = "iphoneos iphonesimulator macosx";
				SWIFT_EMIT_LOC_STRINGS = NO;
				SWIFT_VERSION = 5.0;
				TARGETED_DEVICE_FAMILY = "1,2";
				TEST_TARGET_NAME = DayByDay;
			};
			name = Release;
		};
		61D469EB29760855009CB8C3 /* Debug */ = {
			isa = XCBuildConfiguration;
			buildSettings = {
				ASSETCATALOG_COMPILER_APPICON_NAME = WatchAppIcon;
				ASSETCATALOG_COMPILER_GLOBAL_ACCENT_COLOR_NAME = AccentColor;
				CODE_SIGN_ENTITLEMENTS = "DayByDayWatch Watch App/DayByDayWatch Watch App.entitlements";
				CODE_SIGN_STYLE = Automatic;
				CURRENT_PROJECT_VERSION = 1;
				DEVELOPMENT_ASSET_PATHS = "\"DayByDayWatch Watch App/Preview Content\"";
				DEVELOPMENT_TEAM = B5RQ2EJVKL;
				ENABLE_PREVIEWS = YES;
				GENERATE_INFOPLIST_FILE = YES;
				INFOPLIST_KEY_CFBundleDisplayName = DayByDayWatch;
				INFOPLIST_KEY_UISupportedInterfaceOrientations = "UIInterfaceOrientationPortrait UIInterfaceOrientationPortraitUpsideDown";
				INFOPLIST_KEY_WKCompanionAppBundleIdentifier = "com.po-gl-a.DayByDay";
				LD_RUNPATH_SEARCH_PATHS = (
					"$(inherited)",
					"@executable_path/Frameworks",
				);
				MARKETING_VERSION = 1.0;
				PRODUCT_BUNDLE_IDENTIFIER = "com.po-gl-a.DayByDay.watchkitapp";
				PRODUCT_NAME = "$(TARGET_NAME)";
				SDKROOT = watchos;
				SKIP_INSTALL = YES;
				SWIFT_EMIT_LOC_STRINGS = YES;
				SWIFT_VERSION = 5.0;
				TARGETED_DEVICE_FAMILY = 4;
				WATCHOS_DEPLOYMENT_TARGET = 9.1;
			};
			name = Debug;
		};
		61D469EC29760855009CB8C3 /* Release */ = {
			isa = XCBuildConfiguration;
			buildSettings = {
				ASSETCATALOG_COMPILER_APPICON_NAME = WatchAppIcon;
				ASSETCATALOG_COMPILER_GLOBAL_ACCENT_COLOR_NAME = AccentColor;
				CODE_SIGN_ENTITLEMENTS = "DayByDayWatch Watch App/DayByDayWatch Watch App.entitlements";
				CODE_SIGN_STYLE = Automatic;
				CURRENT_PROJECT_VERSION = 1;
				DEVELOPMENT_ASSET_PATHS = "\"DayByDayWatch Watch App/Preview Content\"";
				DEVELOPMENT_TEAM = B5RQ2EJVKL;
				ENABLE_PREVIEWS = YES;
				GENERATE_INFOPLIST_FILE = YES;
				INFOPLIST_KEY_CFBundleDisplayName = DayByDayWatch;
				INFOPLIST_KEY_UISupportedInterfaceOrientations = "UIInterfaceOrientationPortrait UIInterfaceOrientationPortraitUpsideDown";
				INFOPLIST_KEY_WKCompanionAppBundleIdentifier = "com.po-gl-a.DayByDay";
				LD_RUNPATH_SEARCH_PATHS = (
					"$(inherited)",
					"@executable_path/Frameworks",
				);
				MARKETING_VERSION = 1.0;
				PRODUCT_BUNDLE_IDENTIFIER = "com.po-gl-a.DayByDay.watchkitapp";
				PRODUCT_NAME = "$(TARGET_NAME)";
				SDKROOT = watchos;
				SKIP_INSTALL = YES;
				SWIFT_EMIT_LOC_STRINGS = YES;
				SWIFT_VERSION = 5.0;
				TARGETED_DEVICE_FAMILY = 4;
				VALIDATE_PRODUCT = YES;
				WATCHOS_DEPLOYMENT_TARGET = 9.1;
			};
			name = Release;
		};
		61D469ED29760855009CB8C3 /* Debug */ = {
			isa = XCBuildConfiguration;
			buildSettings = {
				ALWAYS_EMBED_SWIFT_STANDARD_LIBRARIES = YES;
				BUNDLE_LOADER = "$(TEST_HOST)";
				CODE_SIGN_STYLE = Automatic;
				CURRENT_PROJECT_VERSION = 1;
				DEVELOPMENT_TEAM = B5RQ2EJVKL;
				GENERATE_INFOPLIST_FILE = YES;
				MARKETING_VERSION = 1.0;
				PRODUCT_BUNDLE_IDENTIFIER = "com.po-gl-a.DayByDayWatch-Watch-AppTests";
				PRODUCT_NAME = "$(TARGET_NAME)";
				SDKROOT = watchos;
				SWIFT_EMIT_LOC_STRINGS = NO;
				SWIFT_VERSION = 5.0;
				TARGETED_DEVICE_FAMILY = 4;
				TEST_HOST = "$(BUILT_PRODUCTS_DIR)/DayByDayWatch Watch App.app/$(BUNDLE_EXECUTABLE_FOLDER_PATH)/DayByDayWatch Watch App";
				WATCHOS_DEPLOYMENT_TARGET = 9.1;
			};
			name = Debug;
		};
		61D469EE29760855009CB8C3 /* Release */ = {
			isa = XCBuildConfiguration;
			buildSettings = {
				ALWAYS_EMBED_SWIFT_STANDARD_LIBRARIES = YES;
				BUNDLE_LOADER = "$(TEST_HOST)";
				CODE_SIGN_STYLE = Automatic;
				CURRENT_PROJECT_VERSION = 1;
				DEVELOPMENT_TEAM = B5RQ2EJVKL;
				GENERATE_INFOPLIST_FILE = YES;
				MARKETING_VERSION = 1.0;
				PRODUCT_BUNDLE_IDENTIFIER = "com.po-gl-a.DayByDayWatch-Watch-AppTests";
				PRODUCT_NAME = "$(TARGET_NAME)";
				SDKROOT = watchos;
				SWIFT_EMIT_LOC_STRINGS = NO;
				SWIFT_VERSION = 5.0;
				TARGETED_DEVICE_FAMILY = 4;
				TEST_HOST = "$(BUILT_PRODUCTS_DIR)/DayByDayWatch Watch App.app/$(BUNDLE_EXECUTABLE_FOLDER_PATH)/DayByDayWatch Watch App";
				VALIDATE_PRODUCT = YES;
				WATCHOS_DEPLOYMENT_TARGET = 9.1;
			};
			name = Release;
		};
		61D469EF29760855009CB8C3 /* Debug */ = {
			isa = XCBuildConfiguration;
			buildSettings = {
				ALWAYS_EMBED_SWIFT_STANDARD_LIBRARIES = YES;
				CODE_SIGN_STYLE = Automatic;
				CURRENT_PROJECT_VERSION = 1;
				DEVELOPMENT_TEAM = B5RQ2EJVKL;
				GENERATE_INFOPLIST_FILE = YES;
				MARKETING_VERSION = 1.0;
				PRODUCT_BUNDLE_IDENTIFIER = "com.po-gl-a.DayByDayWatch-Watch-AppUITests";
				PRODUCT_NAME = "$(TARGET_NAME)";
				SDKROOT = watchos;
				SWIFT_EMIT_LOC_STRINGS = NO;
				SWIFT_VERSION = 5.0;
				TARGETED_DEVICE_FAMILY = 4;
				TEST_TARGET_NAME = "DayByDayWatch Watch App";
				WATCHOS_DEPLOYMENT_TARGET = 9.1;
			};
			name = Debug;
		};
		61D469F029760855009CB8C3 /* Release */ = {
			isa = XCBuildConfiguration;
			buildSettings = {
				ALWAYS_EMBED_SWIFT_STANDARD_LIBRARIES = YES;
				CODE_SIGN_STYLE = Automatic;
				CURRENT_PROJECT_VERSION = 1;
				DEVELOPMENT_TEAM = B5RQ2EJVKL;
				GENERATE_INFOPLIST_FILE = YES;
				MARKETING_VERSION = 1.0;
				PRODUCT_BUNDLE_IDENTIFIER = "com.po-gl-a.DayByDayWatch-Watch-AppUITests";
				PRODUCT_NAME = "$(TARGET_NAME)";
				SDKROOT = watchos;
				SWIFT_EMIT_LOC_STRINGS = NO;
				SWIFT_VERSION = 5.0;
				TARGETED_DEVICE_FAMILY = 4;
				TEST_TARGET_NAME = "DayByDayWatch Watch App";
				VALIDATE_PRODUCT = YES;
				WATCHOS_DEPLOYMENT_TARGET = 9.1;
			};
			name = Release;
		};
/* End XCBuildConfiguration section */

/* Begin XCConfigurationList section */
		610AF8EE296A5A99001E50A6 /* Build configuration list for PBXProject "DayByDay" */ = {
			isa = XCConfigurationList;
			buildConfigurations = (
				610AF91B296A5A9A001E50A6 /* Debug */,
				610AF91C296A5A9A001E50A6 /* Release */,
			);
			defaultConfigurationIsVisible = 0;
			defaultConfigurationName = Release;
		};
		610AF91D296A5A9A001E50A6 /* Build configuration list for PBXNativeTarget "DayByDay" */ = {
			isa = XCConfigurationList;
			buildConfigurations = (
				610AF91E296A5A9A001E50A6 /* Debug */,
				610AF91F296A5A9A001E50A6 /* Release */,
			);
			defaultConfigurationIsVisible = 0;
			defaultConfigurationName = Release;
		};
		610AF920296A5A9A001E50A6 /* Build configuration list for PBXNativeTarget "DayByDayTests" */ = {
			isa = XCConfigurationList;
			buildConfigurations = (
				610AF921296A5A9A001E50A6 /* Debug */,
				610AF922296A5A9A001E50A6 /* Release */,
			);
			defaultConfigurationIsVisible = 0;
			defaultConfigurationName = Release;
		};
		610AF923296A5A9A001E50A6 /* Build configuration list for PBXNativeTarget "DayByDayUITests" */ = {
			isa = XCConfigurationList;
			buildConfigurations = (
				610AF924296A5A9A001E50A6 /* Debug */,
				610AF925296A5A9A001E50A6 /* Release */,
			);
			defaultConfigurationIsVisible = 0;
			defaultConfigurationName = Release;
		};
		61D469F129760855009CB8C3 /* Build configuration list for PBXNativeTarget "DayByDayWatch Watch App" */ = {
			isa = XCConfigurationList;
			buildConfigurations = (
				61D469EB29760855009CB8C3 /* Debug */,
				61D469EC29760855009CB8C3 /* Release */,
			);
			defaultConfigurationIsVisible = 0;
			defaultConfigurationName = Release;
		};
		61D469F229760855009CB8C3 /* Build configuration list for PBXNativeTarget "DayByDayWatch Watch AppTests" */ = {
			isa = XCConfigurationList;
			buildConfigurations = (
				61D469ED29760855009CB8C3 /* Debug */,
				61D469EE29760855009CB8C3 /* Release */,
			);
			defaultConfigurationIsVisible = 0;
			defaultConfigurationName = Release;
		};
		61D469F329760855009CB8C3 /* Build configuration list for PBXNativeTarget "DayByDayWatch Watch AppUITests" */ = {
			isa = XCConfigurationList;
			buildConfigurations = (
				61D469EF29760855009CB8C3 /* Debug */,
				61D469F029760855009CB8C3 /* Release */,
			);
			defaultConfigurationIsVisible = 0;
			defaultConfigurationName = Release;
		};
/* End XCConfigurationList section */

/* Begin XCVersionGroup section */
		610AF8FA296A5A99001E50A6 /* DayByDay.xcdatamodeld */ = {
			isa = XCVersionGroup;
			children = (
				610AF8FB296A5A99001E50A6 /* DayByDay.xcdatamodel */,
			);
			currentVersion = 610AF8FB296A5A99001E50A6 /* DayByDay.xcdatamodel */;
			path = DayByDay.xcdatamodeld;
			sourceTree = "<group>";
			versionGroupType = wrapper.xcdatamodel;
		};
/* End XCVersionGroup section */
	};
	rootObject = 610AF8EB296A5A99001E50A6 /* Project object */;
}
